
Microsoft Visual Studio Solution File, Format Version 12.00
# Visual Studio Version 17
VisualStudioVersion = 17.0.31903.59
MinimumVisualStudioVersion = 10.0.40219.1
Project("{FAE04EC0-301F-11D3-BF4B-00C04F79EFBC}") = "PrimeService", "PrimeService\PrimeService.csproj", "{7C1FBCAB-492C-4F57-9EAA-1D38E0FD69EF}"
EndProject
Project("{FAE04EC0-301F-11D3-BF4B-00C04F79EFBC}") = "PrimeService.Tests", "PrimeService.Tests\PrimeService.Tests.csproj", "{B643893E-667E-44FB-9561-A50DF0BF1992}"
EndProject
Global
	GlobalSection(SolutionConfigurationPlatforms) = preSolution
		Debug|Any CPU = Debug|Any CPU
		Release|Any CPU = Release|Any CPU
	EndGlobalSection
	GlobalSection(SolutionProperties) = preSolution
		HideSolutionNode = FALSE
	EndGlobalSection
	GlobalSection(ProjectConfigurationPlatforms) = postSolution
		{7C1FBCAB-492C-4F57-9EAA-1D38E0FD69EF}.Debug|Any CPU.ActiveCfg = Debug|Any CPU
		{7C1FBCAB-492C-4F57-9EAA-1D38E0FD69EF}.Debug|Any CPU.Build.0 = Debug|Any CPU
		{7C1FBCAB-492C-4F57-9EAA-1D38E0FD69EF}.Release|Any CPU.ActiveCfg = Release|Any CPU
		{7C1FBCAB-492C-4F57-9EAA-1D38E0FD69EF}.Release|Any CPU.Build.0 = Release|Any CPU
		{B643893E-667E-44FB-9561-A50DF0BF1992}.Debug|Any CPU.ActiveCfg = Debug|Any CPU
		{B643893E-667E-44FB-9561-A50DF0BF1992}.Debug|Any CPU.Build.0 = Debug|Any CPU
		{B643893E-667E-44FB-9561-A50DF0BF1992}.Release|Any CPU.ActiveCfg = Release|Any CPU
		{B643893E-667E-44FB-9561-A50DF0BF1992}.Release|Any CPU.Build.0 = Release|Any CPU
	EndGlobalSection
EndGlobal
